schema: '2.0'
stages:
  train:
    cmd: python3 train.py --img 640 --batch 16 --epochs 3 --data plants_iab.yaml --weights
      yolov5s.pt --project /home/brainy/TerryNet/detection/yolov5/runs/train
    deps:
    - path: ../datasets/yolo_datasets
      md5: 6dec54a2f2b218030e06036c79211562.dir
      size: 7300370
      nfiles: 29
